lockfileVersion: '9.0'

settings:
  autoInstallPeers: true
  excludeLinksFromLockfile: false

importers:

  .:
    dependencies:
      node:
        specifier: ^25.1.0
        version: 25.1.0

packages:

  node-bin-setup@1.1.4:
    resolution: {integrity: sha512-vWNHOne0ZUavArqPP5LJta50+S8R261Fr5SvGul37HbEDcowvLjwdvd0ZeSr0r2lTSrPxl6okq9QUw8BFGiAxA==}

  node@25.1.0:
    resolution: {integrity: sha512-nYC3Zsz3ZQHGbBQrU8OAf63Qwhgptf352vQLGXVES2dL22QRrwjGzkuGS+C4FJ1b0awisMEe2tuPU87MDwj61A==}
    engines: {npm: '>=5.0.0'}
    hasBin: true

snapshots:

  node-bin-setup@1.1.4: {}

  node@25.1.0:
    dependencies:
      node-bin-setup: 1.1.4
