
Microsoft Visual Studio Solution File, Format Version 12.00
Project("{FAE04EC0-301F-11D3-BF4B-00C04F79EFBC}") = "YourLocalShop", "YourLocalShop.csproj", "{56F430B2-16A0-4C7B-B89D-4421CE9C5E79}"
EndProject
Global
	GlobalSection(SolutionConfigurationPlatforms) = preSolution
		Debug|Any CPU = Debug|Any CPU
		Release|Any CPU = Release|Any CPU
	EndGlobalSection
	GlobalSection(ProjectConfigurationPlatforms) = postSolution
		{56F430B2-16A0-4C7B-B89D-4421CE9C5E79}.Debug|Any CPU.ActiveCfg = Debug|Any CPU
		{56F430B2-16A0-4C7B-B89D-4421CE9C5E79}.Debug|Any CPU.Build.0 = Debug|Any CPU
		{56F430B2-16A0-4C7B-B89D-4421CE9C5E79}.Release|Any CPU.ActiveCfg = Release|Any CPU
		{56F430B2-16A0-4C7B-B89D-4421CE9C5E79}.Release|Any CPU.Build.0 = Release|Any CPU
	EndGlobalSection
EndGlobal
